
Microsoft Visual Studio Solution File, Format Version 12.00
# Visual Studio Version 17
VisualStudioVersion = 17.5.33502.453
MinimumVisualStudioVersion = 10.0.40219.1
Project("{FAE04EC0-301F-11D3-BF4B-00C04F79EFBC}") = "ConnectionDBLibrary", "..\ConnectionDBLibrary\ConnectionDBLibrary.csproj", "{8169087E-1701-4B99-9FEB-F6498175C86E}"
EndProject
Project("{FAE04EC0-301F-11D3-BF4B-00C04F79EFBC}") = "AppClient", "..\AppClient\AppClient.csproj", "{233DD102-A15F-436A-8A3F-5942CC7C69DB}"
	ProjectSection(ProjectDependencies) = postProject
		{2A38DAD1-7D27-44D4-A408-6E86DF0DA0C5} = {2A38DAD1-7D27-44D4-A408-6E86DF0DA0C5}
		{6BE1CA3A-7F66-4A94-9B8D-D318EF2D540E} = {6BE1CA3A-7F66-4A94-9B8D-D318EF2D540E}
		{8169087E-1701-4B99-9FEB-F6498175C86E} = {8169087E-1701-4B99-9FEB-F6498175C86E}
		{899E3990-CC95-42CB-B763-E4F4D3DE4E4C} = {899E3990-CC95-42CB-B763-E4F4D3DE4E4C}
	EndProjectSection
EndProject
Project("{FAE04EC0-301F-11D3-BF4B-00C04F79EFBC}") = "AppModel", "..\AppModel\AppModel.csproj", "{899E3990-CC95-42CB-B763-E4F4D3DE4E4C}"
EndProject
Project("{FAE04EC0-301F-11D3-BF4B-00C04F79EFBC}") = "AppPersistence", "..\AppPersistence\AppPersistence.csproj", "{CC1A1B49-EE9C-42D0-A34A-BABD59519F31}"
	ProjectSection(ProjectDependencies) = postProject
		{8169087E-1701-4B99-9FEB-F6498175C86E} = {8169087E-1701-4B99-9FEB-F6498175C86E}
		{899E3990-CC95-42CB-B763-E4F4D3DE4E4C} = {899E3990-CC95-42CB-B763-E4F4D3DE4E4C}
	EndProjectSection
EndProject
Project("{FAE04EC0-301F-11D3-BF4B-00C04F79EFBC}") = "AppServices", "..\AppServices\AppServices.csproj", "{2A38DAD1-7D27-44D4-A408-6E86DF0DA0C5}"
	ProjectSection(ProjectDependencies) = postProject
		{899E3990-CC95-42CB-B763-E4F4D3DE4E4C} = {899E3990-CC95-42CB-B763-E4F4D3DE4E4C}
	EndProjectSection
EndProject
Project("{FAE04EC0-301F-11D3-BF4B-00C04F79EFBC}") = "AppServer", "..\AppServer\AppServer.csproj", "{B6C1E61D-8539-4AC6-BF6E-0A8BF89CDB36}"
	ProjectSection(ProjectDependencies) = postProject
		{2A38DAD1-7D27-44D4-A408-6E86DF0DA0C5} = {2A38DAD1-7D27-44D4-A408-6E86DF0DA0C5}
		{6BE1CA3A-7F66-4A94-9B8D-D318EF2D540E} = {6BE1CA3A-7F66-4A94-9B8D-D318EF2D540E}
		{8169087E-1701-4B99-9FEB-F6498175C86E} = {8169087E-1701-4B99-9FEB-F6498175C86E}
		{899E3990-CC95-42CB-B763-E4F4D3DE4E4C} = {899E3990-CC95-42CB-B763-E4F4D3DE4E4C}
		{CC1A1B49-EE9C-42D0-A34A-BABD59519F31} = {CC1A1B49-EE9C-42D0-A34A-BABD59519F31}
	EndProjectSection
EndProject
Project("{FAE04EC0-301F-11D3-BF4B-00C04F79EFBC}") = "AppNetworking", "..\AppNetworking\AppNetworking.csproj", "{6BE1CA3A-7F66-4A94-9B8D-D318EF2D540E}"
	ProjectSection(ProjectDependencies) = postProject
		{2A38DAD1-7D27-44D4-A408-6E86DF0DA0C5} = {2A38DAD1-7D27-44D4-A408-6E86DF0DA0C5}
		{899E3990-CC95-42CB-B763-E4F4D3DE4E4C} = {899E3990-CC95-42CB-B763-E4F4D3DE4E4C}
	EndProjectSection
EndProject
Project("{FAE04EC0-301F-11D3-BF4B-00C04F79EFBC}") = "RestClient", "RestClient\RestClient.csproj", "{E01164E6-60BC-4FFC-B4DE-11ABF8CC1A79}"
EndProject
Global
	GlobalSection(SolutionConfigurationPlatforms) = preSolution
		Debug|Any CPU = Debug|Any CPU
		Release|Any CPU = Release|Any CPU
		Server|Any CPU = Server|Any CPU
	EndGlobalSection
	GlobalSection(ProjectConfigurationPlatforms) = postSolution
		{8169087E-1701-4B99-9FEB-F6498175C86E}.Debug|Any CPU.ActiveCfg = Debug|Any CPU
		{8169087E-1701-4B99-9FEB-F6498175C86E}.Debug|Any CPU.Build.0 = Debug|Any CPU
		{8169087E-1701-4B99-9FEB-F6498175C86E}.Release|Any CPU.ActiveCfg = Release|Any CPU
		{8169087E-1701-4B99-9FEB-F6498175C86E}.Release|Any CPU.Build.0 = Release|Any CPU
		{8169087E-1701-4B99-9FEB-F6498175C86E}.Server|Any CPU.ActiveCfg = Server|Any CPU
		{8169087E-1701-4B99-9FEB-F6498175C86E}.Server|Any CPU.Build.0 = Server|Any CPU
		{233DD102-A15F-436A-8A3F-5942CC7C69DB}.Debug|Any CPU.ActiveCfg = Debug|Any CPU
		{233DD102-A15F-436A-8A3F-5942CC7C69DB}.Debug|Any CPU.Build.0 = Debug|Any CPU
		{233DD102-A15F-436A-8A3F-5942CC7C69DB}.Release|Any CPU.ActiveCfg = Release|Any CPU
		{233DD102-A15F-436A-8A3F-5942CC7C69DB}.Release|Any CPU.Build.0 = Release|Any CPU
		{233DD102-A15F-436A-8A3F-5942CC7C69DB}.Server|Any CPU.ActiveCfg = Server|Any CPU
		{233DD102-A15F-436A-8A3F-5942CC7C69DB}.Server|Any CPU.Build.0 = Server|Any CPU
		{899E3990-CC95-42CB-B763-E4F4D3DE4E4C}.Debug|Any CPU.ActiveCfg = Debug|Any CPU
		{899E3990-CC95-42CB-B763-E4F4D3DE4E4C}.Debug|Any CPU.Build.0 = Debug|Any CPU
		{899E3990-CC95-42CB-B763-E4F4D3DE4E4C}.Release|Any CPU.ActiveCfg = Release|Any CPU
		{899E3990-CC95-42CB-B763-E4F4D3DE4E4C}.Release|Any CPU.Build.0 = Release|Any CPU
		{899E3990-CC95-42CB-B763-E4F4D3DE4E4C}.Server|Any CPU.ActiveCfg = Server|Any CPU
		{899E3990-CC95-42CB-B763-E4F4D3DE4E4C}.Server|Any CPU.Build.0 = Server|Any CPU
		{CC1A1B49-EE9C-42D0-A34A-BABD59519F31}.Debug|Any CPU.ActiveCfg = Debug|Any CPU
		{CC1A1B49-EE9C-42D0-A34A-BABD59519F31}.Debug|Any CPU.Build.0 = Debug|Any CPU
		{CC1A1B49-EE9C-42D0-A34A-BABD59519F31}.Release|Any CPU.ActiveCfg = Release|Any CPU
		{CC1A1B49-EE9C-42D0-A34A-BABD59519F31}.Release|Any CPU.Build.0 = Release|Any CPU
		{CC1A1B49-EE9C-42D0-A34A-BABD59519F31}.Server|Any CPU.ActiveCfg = Server|Any CPU
		{CC1A1B49-EE9C-42D0-A34A-BABD59519F31}.Server|Any CPU.Build.0 = Server|Any CPU
		{2A38DAD1-7D27-44D4-A408-6E86DF0DA0C5}.Debug|Any CPU.ActiveCfg = Debug|Any CPU
		{2A38DAD1-7D27-44D4-A408-6E86DF0DA0C5}.Debug|Any CPU.Build.0 = Debug|Any CPU
		{2A38DAD1-7D27-44D4-A408-6E86DF0DA0C5}.Release|Any CPU.ActiveCfg = Release|Any CPU
		{2A38DAD1-7D27-44D4-A408-6E86DF0DA0C5}.Release|Any CPU.Build.0 = Release|Any CPU
		{2A38DAD1-7D27-44D4-A408-6E86DF0DA0C5}.Server|Any CPU.ActiveCfg = Server|Any CPU
		{2A38DAD1-7D27-44D4-A408-6E86DF0DA0C5}.Server|Any CPU.Build.0 = Server|Any CPU
		{B6C1E61D-8539-4AC6-BF6E-0A8BF89CDB36}.Debug|Any CPU.ActiveCfg = Debug|Any CPU
		{B6C1E61D-8539-4AC6-BF6E-0A8BF89CDB36}.Debug|Any CPU.Build.0 = Debug|Any CPU
		{B6C1E61D-8539-4AC6-BF6E-0A8BF89CDB36}.Release|Any CPU.ActiveCfg = Release|Any CPU
		{B6C1E61D-8539-4AC6-BF6E-0A8BF89CDB36}.Release|Any CPU.Build.0 = Release|Any CPU
		{B6C1E61D-8539-4AC6-BF6E-0A8BF89CDB36}.Server|Any CPU.ActiveCfg = Server|Any CPU
		{B6C1E61D-8539-4AC6-BF6E-0A8BF89CDB36}.Server|Any CPU.Build.0 = Server|Any CPU
		{6BE1CA3A-7F66-4A94-9B8D-D318EF2D540E}.Debug|Any CPU.ActiveCfg = Debug|Any CPU
		{6BE1CA3A-7F66-4A94-9B8D-D318EF2D540E}.Debug|Any CPU.Build.0 = Debug|Any CPU
		{6BE1CA3A-7F66-4A94-9B8D-D318EF2D540E}.Release|Any CPU.ActiveCfg = Release|Any CPU
		{6BE1CA3A-7F66-4A94-9B8D-D318EF2D540E}.Release|Any CPU.Build.0 = Release|Any CPU
		{6BE1CA3A-7F66-4A94-9B8D-D318EF2D540E}.Server|Any CPU.ActiveCfg = Server|Any CPU
		{6BE1CA3A-7F66-4A94-9B8D-D318EF2D540E}.Server|Any CPU.Build.0 = Server|Any CPU
		{E01164E6-60BC-4FFC-B4DE-11ABF8CC1A79}.Debug|Any CPU.ActiveCfg = Debug|Any CPU
		{E01164E6-60BC-4FFC-B4DE-11ABF8CC1A79}.Debug|Any CPU.Build.0 = Debug|Any CPU
		{E01164E6-60BC-4FFC-B4DE-11ABF8CC1A79}.Release|Any CPU.ActiveCfg = Release|Any CPU
		{E01164E6-60BC-4FFC-B4DE-11ABF8CC1A79}.Release|Any CPU.Build.0 = Release|Any CPU
		{E01164E6-60BC-4FFC-B4DE-11ABF8CC1A79}.Server|Any CPU.ActiveCfg = Debug|Any CPU
		{E01164E6-60BC-4FFC-B4DE-11ABF8CC1A79}.Server|Any CPU.Build.0 = Debug|Any CPU
	EndGlobalSection
	GlobalSection(SolutionProperties) = preSolution
		HideSolutionNode = FALSE
	EndGlobalSection
	GlobalSection(ExtensibilityGlobals) = postSolution
		SolutionGuid = {1AD98F02-FC91-429D-9660-9E606CC4CCB9}
	EndGlobalSection
EndGlobal
